
Microsoft Visual Studio Solution File, Format Version 12.00
# Visual Studio 15
VisualStudioVersion = 15.0.27130.2026
MinimumVisualStudioVersion = 10.0.40219.1
Project("{FAE04EC0-301F-11D3-BF4B-00C04F79EFBC}") = "Hello World", "Hello World\Hello World.csproj", "{D69E45DE-F15D-4E2A-B253-95FB73F9A141}"
EndProject
Global
	GlobalSection(SolutionConfigurationPlatforms) = preSolution
		Debug|Any CPU = Debug|Any CPU
		Release|Any CPU = Release|Any CPU
	EndGlobalSection
	GlobalSection(ProjectConfigurationPlatforms) = postSolution
		{D69E45DE-F15D-4E2A-B253-95FB73F9A141}.Debug|Any CPU.ActiveCfg = Debug|Any CPU
		{D69E45DE-F15D-4E2A-B253-95FB73F9A141}.Debug|Any CPU.Build.0 = Debug|Any CPU
		{D69E45DE-F15D-4E2A-B253-95FB73F9A141}.Release|Any CPU.ActiveCfg = Release|Any CPU
		{D69E45DE-F15D-4E2A-B253-95FB73F9A141}.Release|Any CPU.Build.0 = Release|Any CPU
	EndGlobalSection
	GlobalSection(SolutionProperties) = preSolution
		HideSolutionNode = FALSE
	EndGlobalSection
	GlobalSection(ExtensibilityGlobals) = postSolution
		SolutionGuid = {0D184B44-6901-451C-8EDC-5329DE94C4F8}
	EndGlobalSection
EndGlobal
