
Microsoft Visual Studio Solution File, Format Version 12.00
# Visual Studio 15
VisualStudioVersion = 15.0.27130.2026
MinimumVisualStudioVersion = 10.0.40219.1
Project("{F184B08F-C81C-45F6-A57F-5ABD9991F28F}") = "VIARobot IDE", "VIARobot IDE\VIARobot IDE.vbproj", "{BFB9746A-72F1-4133-8322-61FA3C8D3A76}"
EndProject
Global
	GlobalSection(SolutionConfigurationPlatforms) = preSolution
		Debug|Any CPU = Debug|Any CPU
		Release|Any CPU = Release|Any CPU
	EndGlobalSection
	GlobalSection(ProjectConfigurationPlatforms) = postSolution
		{BFB9746A-72F1-4133-8322-61FA3C8D3A76}.Debug|Any CPU.ActiveCfg = Debug|Any CPU
		{BFB9746A-72F1-4133-8322-61FA3C8D3A76}.Debug|Any CPU.Build.0 = Debug|Any CPU
		{BFB9746A-72F1-4133-8322-61FA3C8D3A76}.Release|Any CPU.ActiveCfg = Release|Any CPU
		{BFB9746A-72F1-4133-8322-61FA3C8D3A76}.Release|Any CPU.Build.0 = Release|Any CPU
	EndGlobalSection
	GlobalSection(SolutionProperties) = preSolution
		HideSolutionNode = FALSE
	EndGlobalSection
	GlobalSection(ExtensibilityGlobals) = postSolution
		SolutionGuid = {05996FB3-F6F8-45A7-80FE-D808DBE81B7E}
	EndGlobalSection
EndGlobal
